
Microsoft Visual Studio Solution File, Format Version 12.00
# Visual Studio Version 17
VisualStudioVersion = 17.4.33213.308
MinimumVisualStudioVersion = 10.0.40219.1
Project("{FAE04EC0-301F-11D3-BF4B-00C04F79EFBC}") = "AME_TPMoyenne", "AME_TPMoyenne\AME_TPMoyenne.csproj", "{7D2A38DE-F048-48D5-A6D2-315AC08AEEF1}"
EndProject
Global
	GlobalSection(SolutionConfigurationPlatforms) = preSolution
		Debug|Any CPU = Debug|Any CPU
		Release|Any CPU = Release|Any CPU
	EndGlobalSection
	GlobalSection(ProjectConfigurationPlatforms) = postSolution
		{7D2A38DE-F048-48D5-A6D2-315AC08AEEF1}.Debug|Any CPU.ActiveCfg = Debug|Any CPU
		{7D2A38DE-F048-48D5-A6D2-315AC08AEEF1}.Debug|Any CPU.Build.0 = Debug|Any CPU
		{7D2A38DE-F048-48D5-A6D2-315AC08AEEF1}.Release|Any CPU.ActiveCfg = Release|Any CPU
		{7D2A38DE-F048-48D5-A6D2-315AC08AEEF1}.Release|Any CPU.Build.0 = Release|Any CPU
	EndGlobalSection
	GlobalSection(SolutionProperties) = preSolution
		HideSolutionNode = FALSE
	EndGlobalSection
	GlobalSection(ExtensibilityGlobals) = postSolution
		SolutionGuid = {B49E2C74-306C-4252-BA6B-7B581A0D6C41}
	EndGlobalSection
EndGlobal
